
Microsoft Visual Studio Solution File, Format Version 12.00
# Visual Studio 15
Project("{FAE04EC0-301F-11D3-BF4B-00C04F79EFBC}") = "AssetCSV", "AssetCSV.csproj", "{ADB79EE4-956D-4819-A52B-2D382AB1BA11}"
EndProject
Global
	GlobalSection(SolutionConfigurationPlatforms) = preSolution
		Debug|Any CPU = Debug|Any CPU
		Release|Any CPU = Release|Any CPU
	EndGlobalSection
	GlobalSection(ProjectConfigurationPlatforms) = postSolution
		{ADB79EE4-956D-4819-A52B-2D382AB1BA11}.Debug|Any CPU.ActiveCfg = Debug|Any CPU
		{ADB79EE4-956D-4819-A52B-2D382AB1BA11}.Debug|Any CPU.Build.0 = Debug|Any CPU
		{ADB79EE4-956D-4819-A52B-2D382AB1BA11}.Release|Any CPU.ActiveCfg = Release|Any CPU
		{ADB79EE4-956D-4819-A52B-2D382AB1BA11}.Release|Any CPU.Build.0 = Release|Any CPU
	EndGlobalSection
EndGlobal
